
Microsoft Visual Studio Solution File, Format Version 12.00
# Visual Studio 15
VisualStudioVersion = 15.0.27004.2005
MinimumVisualStudioVersion = 10.0.40219.1
Project("{FAE04EC0-301F-11D3-BF4B-00C04F79EFBC}") = "PipelineFramework.Interfaces", "Interfaces\PipelineFramework.Interfaces.csproj", "{B9C9465D-2E81-48B5-BE57-EF99130ABC5F}"
EndProject
Project("{FAE04EC0-301F-11D3-BF4B-00C04F79EFBC}") = "PipelineFramework.Communication", "Communication\PipelineFramework.Communication.csproj", "{50E1CCFA-F988-417A-8FBC-2F2958C55C85}"
EndProject
Project("{2150E333-8FDC-42A3-9474-1A3956D46DE8}") = "Shared", "Shared", "{3D327C8B-7CB9-4B7A-A427-3FD4064A4CC4}"
EndProject
Project("{FAE04EC0-301F-11D3-BF4B-00C04F79EFBC}") = "PipelineFramework.Common", "Shared\Common\PipelineFramework.Common.csproj", "{B078CB26-2BAF-48DD-8CDA-7EFF2A845F16}"
EndProject
Project("{2150E333-8FDC-42A3-9474-1A3956D46DE8}") = "Infrastructure", "Infrastructure", "{E2BA5D51-6BFD-4E1D-9F7F-B688D4BCBE33}"
EndProject
Project("{FAE04EC0-301F-11D3-BF4B-00C04F79EFBC}") = "PipelineFramework.Core", "Core\PipelineFramework.Core.csproj", "{756DFAF1-85C1-4764-BDFC-F488DAC26E08}"
EndProject
Project("{2150E333-8FDC-42A3-9474-1A3956D46DE8}") = "CommunicationTrigger", "CommunicationTrigger", "{1C83410D-ABED-43CE-9215-E0DFCA6E1517}"
EndProject
Project("{FAE04EC0-301F-11D3-BF4B-00C04F79EFBC}") = "PipelineFramework.CommunicationTrigger.InMemory", "CommunicationTrigger\InMemory\PipelineFramework.CommunicationTrigger.InMemory.csproj", "{D32BFBEF-5D25-4337-AFFA-935C9CAE8445}"
EndProject
Global
	GlobalSection(SolutionConfigurationPlatforms) = preSolution
		Debug|Any CPU = Debug|Any CPU
		Release|Any CPU = Release|Any CPU
	EndGlobalSection
	GlobalSection(ProjectConfigurationPlatforms) = postSolution
		{B9C9465D-2E81-48B5-BE57-EF99130ABC5F}.Debug|Any CPU.ActiveCfg = Debug|Any CPU
		{B9C9465D-2E81-48B5-BE57-EF99130ABC5F}.Debug|Any CPU.Build.0 = Debug|Any CPU
		{B9C9465D-2E81-48B5-BE57-EF99130ABC5F}.Release|Any CPU.ActiveCfg = Release|Any CPU
		{B9C9465D-2E81-48B5-BE57-EF99130ABC5F}.Release|Any CPU.Build.0 = Release|Any CPU
		{50E1CCFA-F988-417A-8FBC-2F2958C55C85}.Debug|Any CPU.ActiveCfg = Debug|Any CPU
		{50E1CCFA-F988-417A-8FBC-2F2958C55C85}.Debug|Any CPU.Build.0 = Debug|Any CPU
		{50E1CCFA-F988-417A-8FBC-2F2958C55C85}.Release|Any CPU.ActiveCfg = Release|Any CPU
		{50E1CCFA-F988-417A-8FBC-2F2958C55C85}.Release|Any CPU.Build.0 = Release|Any CPU
		{B078CB26-2BAF-48DD-8CDA-7EFF2A845F16}.Debug|Any CPU.ActiveCfg = Debug|Any CPU
		{B078CB26-2BAF-48DD-8CDA-7EFF2A845F16}.Debug|Any CPU.Build.0 = Debug|Any CPU
		{B078CB26-2BAF-48DD-8CDA-7EFF2A845F16}.Release|Any CPU.ActiveCfg = Release|Any CPU
		{B078CB26-2BAF-48DD-8CDA-7EFF2A845F16}.Release|Any CPU.Build.0 = Release|Any CPU
		{756DFAF1-85C1-4764-BDFC-F488DAC26E08}.Debug|Any CPU.ActiveCfg = Debug|Any CPU
		{756DFAF1-85C1-4764-BDFC-F488DAC26E08}.Debug|Any CPU.Build.0 = Debug|Any CPU
		{756DFAF1-85C1-4764-BDFC-F488DAC26E08}.Release|Any CPU.ActiveCfg = Release|Any CPU
		{756DFAF1-85C1-4764-BDFC-F488DAC26E08}.Release|Any CPU.Build.0 = Release|Any CPU
		{D32BFBEF-5D25-4337-AFFA-935C9CAE8445}.Debug|Any CPU.ActiveCfg = Debug|Any CPU
		{D32BFBEF-5D25-4337-AFFA-935C9CAE8445}.Debug|Any CPU.Build.0 = Debug|Any CPU
		{D32BFBEF-5D25-4337-AFFA-935C9CAE8445}.Release|Any CPU.ActiveCfg = Release|Any CPU
		{D32BFBEF-5D25-4337-AFFA-935C9CAE8445}.Release|Any CPU.Build.0 = Release|Any CPU
	EndGlobalSection
	GlobalSection(SolutionProperties) = preSolution
		HideSolutionNode = FALSE
	EndGlobalSection
	GlobalSection(NestedProjects) = preSolution
		{B078CB26-2BAF-48DD-8CDA-7EFF2A845F16} = {3D327C8B-7CB9-4B7A-A427-3FD4064A4CC4}
		{D32BFBEF-5D25-4337-AFFA-935C9CAE8445} = {1C83410D-ABED-43CE-9215-E0DFCA6E1517}
	EndGlobalSection
	GlobalSection(ExtensibilityGlobals) = postSolution
		SolutionGuid = {60F6F899-0624-4C98-AF88-0489BCC0C69C}
	EndGlobalSection
EndGlobal
