
Microsoft Visual Studio Solution File, Format Version 12.00
# Visual Studio 15
VisualStudioVersion = 15.0.27004.2005
MinimumVisualStudioVersion = 10.0.40219.1
Project("{9A19103F-16F7-4668-BE54-9A1E7A4F7556}") = "PipelineFramework.Core", "Core\PipelineFramework.Core.csproj", "{B9C9465D-2E81-48B5-BE57-EF99130ABC5F}"
EndProject
Project("{2150E333-8FDC-42A3-9474-1A3956D46DE8}") = "Shared", "Shared", "{3D327C8B-7CB9-4B7A-A427-3FD4064A4CC4}"
EndProject
Project("{9A19103F-16F7-4668-BE54-9A1E7A4F7556}") = "PipelineFramework.Common", "Shared\Common\PipelineFramework.Common.csproj", "{B078CB26-2BAF-48DD-8CDA-7EFF2A845F16}"
EndProject
Project("{2150E333-8FDC-42A3-9474-1A3956D46DE8}") = "Infrastructure", "Infrastructure", "{E2BA5D51-6BFD-4E1D-9F7F-B688D4BCBE33}"
EndProject
Project("{9A19103F-16F7-4668-BE54-9A1E7A4F7556}") = "PipelineFramework.Infrastrucure.MessageBus", "Infrastructure\MessageBus\PipelineFramework.Infrastrucure.MessageBus.csproj", "{65D35D25-C882-41E5-8541-1157717ACDC2}"
EndProject
Project("{9A19103F-16F7-4668-BE54-9A1E7A4F7556}") = "PipelineFramework.Infrastructure.Events", "Infrastructure\Events\PipelineFramework.Infrastructure.Events.csproj", "{E40CA272-8A48-435A-BFA9-F5330D0FB17A}"
EndProject
Project("{2150E333-8FDC-42A3-9474-1A3956D46DE8}") = "Mailbox", "Mailbox", "{A7A43E08-3DC9-4A1A-AD56-AC73934DFE8F}"
EndProject
Project("{9A19103F-16F7-4668-BE54-9A1E7A4F7556}") = "PipelineFramework.InMemoryMailbox", "Mailbox\InMemoryMailbox\PipelineFramework.InMemoryMailbox.csproj", "{3D650BAF-A597-4FC2-A3C3-38E35425BECE}"
EndProject
Project("{9A19103F-16F7-4668-BE54-9A1E7A4F7556}") = "PipelineFramework.AzureTopicMailbox", "Mailbox\AzureTopicMailbox\PipelineFramework.AzureTopicMailbox.csproj", "{8C432C83-B5BE-4A6C-87B2-023CF23C17A3}"
EndProject
Project("{FAE04EC0-301F-11D3-BF4B-00C04F79EFBC}") = "PipelineFramework.AzureEventMailbox", "Mailbox\AzureEventMailbox\PipelineFramework.AzureEventMailbox.csproj", "{DCDD23F2-ADE2-45CB-B599-7EDA857CA574}"
EndProject
Project("{2150E333-8FDC-42A3-9474-1A3956D46DE8}") = "Pipelines", "Pipelines", "{65297255-FAF5-4F0E-A1E2-354816CC6844}"
EndProject
Project("{FAE04EC0-301F-11D3-BF4B-00C04F79EFBC}") = "PipelineFramework.Pipelines.Native", "Pipelines\Native\PipelineFramework.Pipelines.Native.csproj", "{0DCB7FEA-FE21-462C-80D4-A8EFE4A93DEE}"
EndProject
Project("{FAE04EC0-301F-11D3-BF4B-00C04F79EFBC}") = "PipelieneFramework.Instrastructure.Security", "Infrastructure\Security\PipelieneFramework.Instrastructure.Security.csproj", "{8D98E755-A98C-4CB2-8D49-7072F1175A6E}"
EndProject
Global
	GlobalSection(SolutionConfigurationPlatforms) = preSolution
		Debug|Any CPU = Debug|Any CPU
		Release|Any CPU = Release|Any CPU
	EndGlobalSection
	GlobalSection(ProjectConfigurationPlatforms) = postSolution
		{B9C9465D-2E81-48B5-BE57-EF99130ABC5F}.Debug|Any CPU.ActiveCfg = Debug|Any CPU
		{B9C9465D-2E81-48B5-BE57-EF99130ABC5F}.Debug|Any CPU.Build.0 = Debug|Any CPU
		{B9C9465D-2E81-48B5-BE57-EF99130ABC5F}.Release|Any CPU.ActiveCfg = Release|Any CPU
		{B9C9465D-2E81-48B5-BE57-EF99130ABC5F}.Release|Any CPU.Build.0 = Release|Any CPU
		{B078CB26-2BAF-48DD-8CDA-7EFF2A845F16}.Debug|Any CPU.ActiveCfg = Debug|Any CPU
		{B078CB26-2BAF-48DD-8CDA-7EFF2A845F16}.Debug|Any CPU.Build.0 = Debug|Any CPU
		{B078CB26-2BAF-48DD-8CDA-7EFF2A845F16}.Release|Any CPU.ActiveCfg = Release|Any CPU
		{B078CB26-2BAF-48DD-8CDA-7EFF2A845F16}.Release|Any CPU.Build.0 = Release|Any CPU
		{65D35D25-C882-41E5-8541-1157717ACDC2}.Debug|Any CPU.ActiveCfg = Debug|Any CPU
		{65D35D25-C882-41E5-8541-1157717ACDC2}.Debug|Any CPU.Build.0 = Debug|Any CPU
		{65D35D25-C882-41E5-8541-1157717ACDC2}.Release|Any CPU.ActiveCfg = Release|Any CPU
		{65D35D25-C882-41E5-8541-1157717ACDC2}.Release|Any CPU.Build.0 = Release|Any CPU
		{E40CA272-8A48-435A-BFA9-F5330D0FB17A}.Debug|Any CPU.ActiveCfg = Debug|Any CPU
		{E40CA272-8A48-435A-BFA9-F5330D0FB17A}.Debug|Any CPU.Build.0 = Debug|Any CPU
		{E40CA272-8A48-435A-BFA9-F5330D0FB17A}.Release|Any CPU.ActiveCfg = Release|Any CPU
		{E40CA272-8A48-435A-BFA9-F5330D0FB17A}.Release|Any CPU.Build.0 = Release|Any CPU
		{3D650BAF-A597-4FC2-A3C3-38E35425BECE}.Debug|Any CPU.ActiveCfg = Debug|Any CPU
		{3D650BAF-A597-4FC2-A3C3-38E35425BECE}.Debug|Any CPU.Build.0 = Debug|Any CPU
		{3D650BAF-A597-4FC2-A3C3-38E35425BECE}.Release|Any CPU.ActiveCfg = Release|Any CPU
		{3D650BAF-A597-4FC2-A3C3-38E35425BECE}.Release|Any CPU.Build.0 = Release|Any CPU
		{8C432C83-B5BE-4A6C-87B2-023CF23C17A3}.Debug|Any CPU.ActiveCfg = Debug|Any CPU
		{8C432C83-B5BE-4A6C-87B2-023CF23C17A3}.Debug|Any CPU.Build.0 = Debug|Any CPU
		{8C432C83-B5BE-4A6C-87B2-023CF23C17A3}.Release|Any CPU.ActiveCfg = Release|Any CPU
		{8C432C83-B5BE-4A6C-87B2-023CF23C17A3}.Release|Any CPU.Build.0 = Release|Any CPU
		{DCDD23F2-ADE2-45CB-B599-7EDA857CA574}.Debug|Any CPU.ActiveCfg = Debug|Any CPU
		{DCDD23F2-ADE2-45CB-B599-7EDA857CA574}.Debug|Any CPU.Build.0 = Debug|Any CPU
		{DCDD23F2-ADE2-45CB-B599-7EDA857CA574}.Release|Any CPU.ActiveCfg = Release|Any CPU
		{DCDD23F2-ADE2-45CB-B599-7EDA857CA574}.Release|Any CPU.Build.0 = Release|Any CPU
		{0DCB7FEA-FE21-462C-80D4-A8EFE4A93DEE}.Debug|Any CPU.ActiveCfg = Debug|Any CPU
		{0DCB7FEA-FE21-462C-80D4-A8EFE4A93DEE}.Debug|Any CPU.Build.0 = Debug|Any CPU
		{0DCB7FEA-FE21-462C-80D4-A8EFE4A93DEE}.Release|Any CPU.ActiveCfg = Release|Any CPU
		{0DCB7FEA-FE21-462C-80D4-A8EFE4A93DEE}.Release|Any CPU.Build.0 = Release|Any CPU
		{8D98E755-A98C-4CB2-8D49-7072F1175A6E}.Debug|Any CPU.ActiveCfg = Debug|Any CPU
		{8D98E755-A98C-4CB2-8D49-7072F1175A6E}.Debug|Any CPU.Build.0 = Debug|Any CPU
		{8D98E755-A98C-4CB2-8D49-7072F1175A6E}.Release|Any CPU.ActiveCfg = Release|Any CPU
		{8D98E755-A98C-4CB2-8D49-7072F1175A6E}.Release|Any CPU.Build.0 = Release|Any CPU
	EndGlobalSection
	GlobalSection(SolutionProperties) = preSolution
		HideSolutionNode = FALSE
	EndGlobalSection
	GlobalSection(NestedProjects) = preSolution
		{B078CB26-2BAF-48DD-8CDA-7EFF2A845F16} = {3D327C8B-7CB9-4B7A-A427-3FD4064A4CC4}
		{65D35D25-C882-41E5-8541-1157717ACDC2} = {E2BA5D51-6BFD-4E1D-9F7F-B688D4BCBE33}
		{E40CA272-8A48-435A-BFA9-F5330D0FB17A} = {E2BA5D51-6BFD-4E1D-9F7F-B688D4BCBE33}
		{3D650BAF-A597-4FC2-A3C3-38E35425BECE} = {A7A43E08-3DC9-4A1A-AD56-AC73934DFE8F}
		{8C432C83-B5BE-4A6C-87B2-023CF23C17A3} = {A7A43E08-3DC9-4A1A-AD56-AC73934DFE8F}
		{DCDD23F2-ADE2-45CB-B599-7EDA857CA574} = {A7A43E08-3DC9-4A1A-AD56-AC73934DFE8F}
		{0DCB7FEA-FE21-462C-80D4-A8EFE4A93DEE} = {65297255-FAF5-4F0E-A1E2-354816CC6844}
		{8D98E755-A98C-4CB2-8D49-7072F1175A6E} = {E2BA5D51-6BFD-4E1D-9F7F-B688D4BCBE33}
	EndGlobalSection
	GlobalSection(ExtensibilityGlobals) = postSolution
		SolutionGuid = {60F6F899-0624-4C98-AF88-0489BCC0C69C}
	EndGlobalSection
EndGlobal
