
Microsoft Visual Studio Solution File, Format Version 12.00
# Visual Studio 15
VisualStudioVersion = 15.0.27004.2005
MinimumVisualStudioVersion = 10.0.40219.1
Project("{FAE04EC0-301F-11D3-BF4B-00C04F79EFBC}") = "BridgePattern", "BridgePattern\BridgePattern.csproj", "{A470A836-2381-4431-B9C9-AD52E625578F}"
EndProject
Project("{FAE04EC0-301F-11D3-BF4B-00C04F79EFBC}") = "BridgePatter.Console", "BridgePatter.Console\BridgePatter.Console.csproj", "{0C5055C1-4CA9-43BC-B11B-287723F00B01}"
EndProject
Global
	GlobalSection(SolutionConfigurationPlatforms) = preSolution
		Debug|Any CPU = Debug|Any CPU
		Release|Any CPU = Release|Any CPU
	EndGlobalSection
	GlobalSection(ProjectConfigurationPlatforms) = postSolution
		{A470A836-2381-4431-B9C9-AD52E625578F}.Debug|Any CPU.ActiveCfg = Debug|Any CPU
		{A470A836-2381-4431-B9C9-AD52E625578F}.Debug|Any CPU.Build.0 = Debug|Any CPU
		{A470A836-2381-4431-B9C9-AD52E625578F}.Release|Any CPU.ActiveCfg = Release|Any CPU
		{A470A836-2381-4431-B9C9-AD52E625578F}.Release|Any CPU.Build.0 = Release|Any CPU
		{0C5055C1-4CA9-43BC-B11B-287723F00B01}.Debug|Any CPU.ActiveCfg = Debug|Any CPU
		{0C5055C1-4CA9-43BC-B11B-287723F00B01}.Debug|Any CPU.Build.0 = Debug|Any CPU
		{0C5055C1-4CA9-43BC-B11B-287723F00B01}.Release|Any CPU.ActiveCfg = Release|Any CPU
		{0C5055C1-4CA9-43BC-B11B-287723F00B01}.Release|Any CPU.Build.0 = Release|Any CPU
	EndGlobalSection
	GlobalSection(SolutionProperties) = preSolution
		HideSolutionNode = FALSE
	EndGlobalSection
	GlobalSection(ExtensibilityGlobals) = postSolution
		SolutionGuid = {3BE4F7B8-121E-42D4-A4DC-ED6670DA3960}
	EndGlobalSection
EndGlobal
